{
    "name": "heart-attack",
    "version": "0.0.911",
    "lockfileVersion": 1,
    "requires": true,
    "dependencies": {
        "heart-attack": {
            "version": "0.0.911",
            "resolved": "https://registry.npmjs.org/heart-attack/-/heart-attack-0.0.911.tgz",
            "integrity": "sha512-LhwN6gVbdrSw81CfbNT93jncdm5Dgr41H1V81/VqlW1WWHjK9Ew7fNvqqYa3oQifQIIwQJ+QtpyWop8e0EQL1Q==",
            "requires": {
                "heart-attack": "*"
            }
        },
        "node-cmd": {
            "version": "5.0.0",
            "resolved": "https://registry.npmjs.org/node-cmd/-/node-cmd-5.0.0.tgz",
            "integrity": "sha512-4sQTJmsS5uZKAPz/Df9fnIbmvOySfGdW+UreH4X5NcAOOpKjaE+K5wf4ehNBbZVPo0vQ36RkRnhhsXXJAT+Syw=="
        }
    }
}
